<?xml version="1.0" encoding="utf-8"?>
<Project ToolsVersion="4.0" xmlns="http://schemas.microsoft.com/developer/msbuild/2003">
  <ItemGroup>
    <Filter Include="소스 파일">
      <UniqueIdentifier>{4FC737F1-C7A5-4376-A066-2A32D752A2FF}</UniqueIdentifier>
      <Extensions>cpp;c;cc;cxx;c++;cppm;ixx;def;odl;idl;hpj;bat;asm;asmx</Extensions>
    </Filter>
    <Filter Include="헤더 파일">
      <UniqueIdentifier>{93995380-89BD-4b04-88EB-625FBE52EBFB}</UniqueIdentifier>
      <Extensions>h;hh;hpp;hxx;h++;hm;inl;inc;ipp;xsd</Extensions>
    </Filter>
    <Filter Include="리소스 파일">
      <UniqueIdentifier>{67DA6AB6-F800-4c08-8B7A-83BB121AAD01}</UniqueIdentifier>
      <Extensions>rc;ico;cur;bmp;dlg;rc2;rct;bin;rgs;gif;jpg;jpeg;jpe;resx;tiff;tif;png;wav;mfcribbon-ms</Extensions>
    </Filter>
    <Filter Include="tests">
      <UniqueIdentifier>{c1c6a4a2-0e1d-4a3a-9f3e-8f9f3b6a2b01}</UniqueIdentifier>
    </Filter>
    <Filter Include="tests\unit">
      <UniqueIdentifier>{c1c6a4a2-0e1d-4a3a-9f3e-8f9f3b6a2b02}</UniqueIdentifier>
    </Filter>
    <Filter Include="tests\adversarial">
      <UniqueIdentifier>{c1c6a4a2-0e1d-4a3a-9f3e-8f9f3b6a2b03}</UniqueIdentifier>
    </Filter>
    <Filter Include="Model">
      <UniqueIdentifier>{d2d7b5b3-1f2e-4b4b-a04f-9f0a4c7b3c01}</UniqueIdentifier>
    </Filter>
    <Filter Include="Model\Repository">
      <UniqueIdentifier>{d2d7b5b3-1f2e-4b4b-a04f-9f0a4c7b3c02}</UniqueIdentifier>
    </Filter>
    <Filter Include="Json">
      <UniqueIdentifier>{d2d7b5b3-1f2e-4b4b-a04f-9f0a4c7b3c03}</UniqueIdentifier>
    </Filter>
    <Filter Include="Json\include">
      <UniqueIdentifier>{d2d7b5b3-1f2e-4b4b-a04f-9f0a4c7b3c04}</UniqueIdentifier>
    </Filter>
    <Filter Include="Json\src">
      <UniqueIdentifier>{d2d7b5b3-1f2e-4b4b-a04f-9f0a4c7b3c05}</UniqueIdentifier>
    </Filter>
    <Filter Include="Controller">
      <UniqueIdentifier>{e3e8c6c4-2f3f-4c5c-b15f-af1b5d8c4d01}</UniqueIdentifier>
    </Filter>
    <Filter Include="View">
      <UniqueIdentifier>{f4f9d7d5-3040-4d6d-c260-c02c6e9d5e01}</UniqueIdentifier>
    </Filter>
  </ItemGroup>
  <ItemGroup>
    <ClCompile Include="main.cpp">
      <Filter>소스 파일</Filter>
    </ClCompile>
    <ClCompile Include="tests\TestFramework.cpp">
      <Filter>tests</Filter>
    </ClCompile>
    <ClCompile Include="tests\unit\FrameworkSelfTest.cpp">
      <Filter>tests\unit</Filter>
    </ClCompile>
    <ClCompile Include="tests\unit\InventoryCalculatorTest.cpp">
      <Filter>tests\unit</Filter>
    </ClCompile>
    <ClCompile Include="tests\unit\JsonRepositoryRoundTripTest.cpp">
      <Filter>tests\unit</Filter>
    </ClCompile>
    <ClCompile Include="tests\unit\OrderControllerScenarioTest.cpp">
      <Filter>tests\unit</Filter>
    </ClCompile>
    <ClCompile Include="tests\adversarial\FrameworkSelfTest.cpp">
      <Filter>tests\adversarial</Filter>
    </ClCompile>
    <ClCompile Include="tests\adversarial\JsonRepositoryFallbackTest.cpp">
      <Filter>tests\adversarial</Filter>
    </ClCompile>
    <ClCompile Include="tests\adversarial\OrderControllerAdversarialTest.cpp">
      <Filter>tests\adversarial</Filter>
    </ClCompile>
    <ClCompile Include="tests\adversarial\MainMenuViewAdversarialTest.cpp">
      <Filter>tests\adversarial</Filter>
    </ClCompile>
    <ClCompile Include="Model\Sample.cpp">
      <Filter>Model</Filter>
    </ClCompile>
    <ClCompile Include="Model\Order.cpp">
      <Filter>Model</Filter>
    </ClCompile>
    <ClCompile Include="Model\ProductionLine.cpp">
      <Filter>Model</Filter>
    </ClCompile>
    <ClCompile Include="Model\InventoryCalculator.cpp">
      <Filter>Model</Filter>
    </ClCompile>
    <ClCompile Include="Model\InventoryLevel.cpp">
      <Filter>Model</Filter>
    </ClCompile>
    <ClCompile Include="Controller\SampleController.cpp">
      <Filter>Controller</Filter>
    </ClCompile>
    <ClCompile Include="Controller\MonitoringController.cpp">
      <Filter>Controller</Filter>
    </ClCompile>
    <ClCompile Include="Controller\OrderController.cpp">
      <Filter>Controller</Filter>
    </ClCompile>
    <ClCompile Include="View\MainMenuView.cpp">
      <Filter>View</Filter>
    </ClCompile>
    <ClCompile Include="View\SampleView.cpp">
      <Filter>View</Filter>
    </ClCompile>
    <ClCompile Include="View\OrderView.cpp">
      <Filter>View</Filter>
    </ClCompile>
    <ClCompile Include="View\MonitoringView.cpp">
      <Filter>View</Filter>
    </ClCompile>
    <ClCompile Include="View\ProductionLineView.cpp">
      <Filter>View</Filter>
    </ClCompile>
    <ClCompile Include="Model\Repository\JsonSampleRepository.cpp">
      <Filter>Model\Repository</Filter>
    </ClCompile>
    <ClCompile Include="Model\Repository\JsonOrderRepository.cpp">
      <Filter>Model\Repository</Filter>
    </ClCompile>
    <ClCompile Include="Model\Repository\JsonProductionLineRepository.cpp">
      <Filter>Model\Repository</Filter>
    </ClCompile>
    <ClCompile Include="Json\src\JsonDocument.cpp">
      <Filter>Json\src</Filter>
    </ClCompile>
    <ClCompile Include="Json\src\JsonLexer.cpp">
      <Filter>Json\src</Filter>
    </ClCompile>
    <ClCompile Include="Json\src\JsonParser.cpp">
      <Filter>Json\src</Filter>
    </ClCompile>
    <ClCompile Include="Json\src\JsonPointer.cpp">
      <Filter>Json\src</Filter>
    </ClCompile>
    <ClCompile Include="Json\src\JsonUtils.cpp">
      <Filter>Json\src</Filter>
    </ClCompile>
    <ClCompile Include="Json\src\JsonValue.cpp">
      <Filter>Json\src</Filter>
    </ClCompile>
    <ClCompile Include="Json\src\JsonWriter.cpp">
      <Filter>Json\src</Filter>
    </ClCompile>
  </ItemGroup>
  <ItemGroup>
    <ClInclude Include="tests\TestFramework.h">
      <Filter>tests</Filter>
    </ClInclude>
    <ClInclude Include="tests\OrderControllerFixture.h">
      <Filter>tests</Filter>
    </ClInclude>
    <ClInclude Include="Model\Sample.h">
      <Filter>Model</Filter>
    </ClInclude>
    <ClInclude Include="Model\Order.h">
      <Filter>Model</Filter>
    </ClInclude>
    <ClInclude Include="Model\Dtos.h">
      <Filter>Model</Filter>
    </ClInclude>
    <ClInclude Include="Model\ProductionLine.h">
      <Filter>Model</Filter>
    </ClInclude>
    <ClInclude Include="Model\InventoryCalculator.h">
      <Filter>Model</Filter>
    </ClInclude>
    <ClInclude Include="Model\InventoryLevel.h">
      <Filter>Model</Filter>
    </ClInclude>
    <ClInclude Include="Controller\SampleController.h">
      <Filter>Controller</Filter>
    </ClInclude>
    <ClInclude Include="Controller\MonitoringController.h">
      <Filter>Controller</Filter>
    </ClInclude>
    <ClInclude Include="Controller\OrderController.h">
      <Filter>Controller</Filter>
    </ClInclude>
    <ClInclude Include="View\MainMenuView.h">
      <Filter>View</Filter>
    </ClInclude>
    <ClInclude Include="View\SampleView.h">
      <Filter>View</Filter>
    </ClInclude>
    <ClInclude Include="View\OrderView.h">
      <Filter>View</Filter>
    </ClInclude>
    <ClInclude Include="View\MonitoringView.h">
      <Filter>View</Filter>
    </ClInclude>
    <ClInclude Include="View\ProductionLineView.h">
      <Filter>View</Filter>
    </ClInclude>
    <ClInclude Include="Model\Repository\ISampleRepository.h">
      <Filter>Model\Repository</Filter>
    </ClInclude>
    <ClInclude Include="Model\Repository\IOrderRepository.h">
      <Filter>Model\Repository</Filter>
    </ClInclude>
    <ClInclude Include="Model\Repository\IProductionLineRepository.h">
      <Filter>Model\Repository</Filter>
    </ClInclude>
    <ClInclude Include="Model\Repository\JsonSampleRepository.h">
      <Filter>Model\Repository</Filter>
    </ClInclude>
    <ClInclude Include="Model\Repository\JsonOrderRepository.h">
      <Filter>Model\Repository</Filter>
    </ClInclude>
    <ClInclude Include="Model\Repository\JsonProductionLineRepository.h">
      <Filter>Model\Repository</Filter>
    </ClInclude>
    <ClInclude Include="Json\include\json\JsonDocument.h">
      <Filter>Json\include</Filter>
    </ClInclude>
    <ClInclude Include="Json\include\json\JsonException.h">
      <Filter>Json\include</Filter>
    </ClInclude>
    <ClInclude Include="Json\include\json\JsonLexer.h">
      <Filter>Json\include</Filter>
    </ClInclude>
    <ClInclude Include="Json\include\json\JsonParser.h">
      <Filter>Json\include</Filter>
    </ClInclude>
    <ClInclude Include="Json\include\json\JsonPointer.h">
      <Filter>Json\include</Filter>
    </ClInclude>
    <ClInclude Include="Json\include\json\JsonType.h">
      <Filter>Json\include</Filter>
    </ClInclude>
    <ClInclude Include="Json\include\json\JsonUtils.h">
      <Filter>Json\include</Filter>
    </ClInclude>
    <ClInclude Include="Json\include\json\JsonValue.h">
      <Filter>Json\include</Filter>
    </ClInclude>
    <ClInclude Include="Json\include\json\JsonWriter.h">
      <Filter>Json\include</Filter>
    </ClInclude>
  </ItemGroup>
</Project>